
Microsoft Visual Studio Solution File, Format Version 12.00
# Visual Studio Version 16
VisualStudioVersion = 16.0.34407.143
MinimumVisualStudioVersion = 10.0.40219.1
Project("{FAE04EC0-301F-11D3-BF4B-00C04F79EFBC}") = "Proje_Hastane", "Proje_Hastane\Proje_Hastane.csproj", "{2FA296B5-80E4-492A-A77F-5F9D70DD1C5D}"
EndProject
Global
	GlobalSection(SolutionConfigurationPlatforms) = preSolution
		Debug|Any CPU = Debug|Any CPU
		Release|Any CPU = Release|Any CPU
	EndGlobalSection
	GlobalSection(ProjectConfigurationPlatforms) = postSolution
		{2FA296B5-80E4-492A-A77F-5F9D70DD1C5D}.Debug|Any CPU.ActiveCfg = Debug|Any CPU
		{2FA296B5-80E4-492A-A77F-5F9D70DD1C5D}.Debug|Any CPU.Build.0 = Debug|Any CPU
		{2FA296B5-80E4-492A-A77F-5F9D70DD1C5D}.Release|Any CPU.ActiveCfg = Release|Any CPU
		{2FA296B5-80E4-492A-A77F-5F9D70DD1C5D}.Release|Any CPU.Build.0 = Release|Any CPU
	EndGlobalSection
	GlobalSection(SolutionProperties) = preSolution
		HideSolutionNode = FALSE
	EndGlobalSection
	GlobalSection(ExtensibilityGlobals) = postSolution
		SolutionGuid = {4BC2B0CC-12B9-4B82-800D-0B003940A6ED}
	EndGlobalSection
EndGlobal
